
Microsoft Visual Studio Solution File, Format Version 12.00
# Visual Studio 15
VisualStudioVersion = 15.0.26228.4
MinimumVisualStudioVersion = 10.0.40219.1
Project("{FAE04EC0-301F-11D3-BF4B-00C04F79EFBC}") = "IEvangelist.CSharp.Six", "IEvangelist.CSharp.Six\IEvangelist.CSharp.Six.csproj", "{EE8E45D8-8B40-484C-9179-3BDCCAF0B677}"
EndProject
Project("{FAE04EC0-301F-11D3-BF4B-00C04F79EFBC}") = "IEvangelist.CSharp.Seven", "IEvangelist.CSharp.Seven\IEvangelist.CSharp.Seven.csproj", "{184E3976-F2A2-4E45-85AE-981E15026D25}"
EndProject
Global
	GlobalSection(SolutionConfigurationPlatforms) = preSolution
		Debug|Any CPU = Debug|Any CPU
		Debug|x64 = Debug|x64
		Debug|x86 = Debug|x86
		Release|Any CPU = Release|Any CPU
		Release|x64 = Release|x64
		Release|x86 = Release|x86
	EndGlobalSection
	GlobalSection(ProjectConfigurationPlatforms) = postSolution
		{EE8E45D8-8B40-484C-9179-3BDCCAF0B677}.Debug|Any CPU.ActiveCfg = Debug|Any CPU
		{EE8E45D8-8B40-484C-9179-3BDCCAF0B677}.Debug|Any CPU.Build.0 = Debug|Any CPU
		{EE8E45D8-8B40-484C-9179-3BDCCAF0B677}.Debug|x64.ActiveCfg = Debug|Any CPU
		{EE8E45D8-8B40-484C-9179-3BDCCAF0B677}.Debug|x64.Build.0 = Debug|Any CPU
		{EE8E45D8-8B40-484C-9179-3BDCCAF0B677}.Debug|x86.ActiveCfg = Debug|Any CPU
		{EE8E45D8-8B40-484C-9179-3BDCCAF0B677}.Debug|x86.Build.0 = Debug|Any CPU
		{EE8E45D8-8B40-484C-9179-3BDCCAF0B677}.Release|Any CPU.ActiveCfg = Release|Any CPU
		{EE8E45D8-8B40-484C-9179-3BDCCAF0B677}.Release|Any CPU.Build.0 = Release|Any CPU
		{EE8E45D8-8B40-484C-9179-3BDCCAF0B677}.Release|x64.ActiveCfg = Release|Any CPU
		{EE8E45D8-8B40-484C-9179-3BDCCAF0B677}.Release|x64.Build.0 = Release|Any CPU
		{EE8E45D8-8B40-484C-9179-3BDCCAF0B677}.Release|x86.ActiveCfg = Release|Any CPU
		{EE8E45D8-8B40-484C-9179-3BDCCAF0B677}.Release|x86.Build.0 = Release|Any CPU
		{184E3976-F2A2-4E45-85AE-981E15026D25}.Debug|Any CPU.ActiveCfg = Debug|Any CPU
		{184E3976-F2A2-4E45-85AE-981E15026D25}.Debug|Any CPU.Build.0 = Debug|Any CPU
		{184E3976-F2A2-4E45-85AE-981E15026D25}.Debug|x64.ActiveCfg = Debug|Any CPU
		{184E3976-F2A2-4E45-85AE-981E15026D25}.Debug|x64.Build.0 = Debug|Any CPU
		{184E3976-F2A2-4E45-85AE-981E15026D25}.Debug|x86.ActiveCfg = Debug|Any CPU
		{184E3976-F2A2-4E45-85AE-981E15026D25}.Debug|x86.Build.0 = Debug|Any CPU
		{184E3976-F2A2-4E45-85AE-981E15026D25}.Release|Any CPU.ActiveCfg = Release|Any CPU
		{184E3976-F2A2-4E45-85AE-981E15026D25}.Release|Any CPU.Build.0 = Release|Any CPU
		{184E3976-F2A2-4E45-85AE-981E15026D25}.Release|x64.ActiveCfg = Release|Any CPU
		{184E3976-F2A2-4E45-85AE-981E15026D25}.Release|x64.Build.0 = Release|Any CPU
		{184E3976-F2A2-4E45-85AE-981E15026D25}.Release|x86.ActiveCfg = Release|Any CPU
		{184E3976-F2A2-4E45-85AE-981E15026D25}.Release|x86.Build.0 = Release|Any CPU
	EndGlobalSection
	GlobalSection(SolutionProperties) = preSolution
		HideSolutionNode = FALSE
	EndGlobalSection
EndGlobal
